// !$*UTF8*$!
{
	archiveVersion = 1;
	classes = {
	};
	objectVersion = 56;
	objects = {

/* Begin PBXBuildFile section */
		D312FF132AC90D0F00E4EABF /* TenDayForecastCell.swift in Sources */ = {isa = PBXBuildFile; fileRef = D312FF122AC90D0F00E4EABF /* TenDayForecastCell.swift */; };
		D328D1CD2ADCB82300397A4F /* UsersLocationsClassFile.swift in Sources */ = {isa = PBXBuildFile; fileRef = D328D1CC2ADCB82300397A4F /* UsersLocationsClassFile.swift */; };
		D328D1CF2AE3371600397A4F /* WeatherView.swift in Sources */ = {isa = PBXBuildFile; fileRef = D328D1CE2AE3371600397A4F /* WeatherView.swift */; };
		D3302FF52AC24A3F003EAEC7 /* AppDelegate.swift in Sources */ = {isa = PBXBuildFile; fileRef = D3302FF42AC24A3F003EAEC7 /* AppDelegate.swift */; };
		D3302FF72AC24A3F003EAEC7 /* SceneDelegate.swift in Sources */ = {isa = PBXBuildFile; fileRef = D3302FF62AC24A3F003EAEC7 /* SceneDelegate.swift */; };
		D3302FF92AC24A3F003EAEC7 /* MainVC.swift in Sources */ = {isa = PBXBuildFile; fileRef = D3302FF82AC24A3F003EAEC7 /* MainVC.swift */; };
		D3302FFE2AC24A41003EAEC7 /* Assets.xcassets in Resources */ = {isa = PBXBuildFile; fileRef = D3302FFD2AC24A41003EAEC7 /* Assets.xcassets */; };
		D33030012AC24A41003EAEC7 /* LaunchScreen.storyboard in Resources */ = {isa = PBXBuildFile; fileRef = D3302FFF2AC24A41003EAEC7 /* LaunchScreen.storyboard */; };
		D343FD742AD35FC200A166F5 /* SearchCityURLSession.swift in Sources */ = {isa = PBXBuildFile; fileRef = D343FD732AD35FC200A166F5 /* SearchCityURLSession.swift */; };
		D343FD762AD365E800A166F5 /* SingularWeatherPageVC.swift in Sources */ = {isa = PBXBuildFile; fileRef = D343FD752AD365E800A166F5 /* SingularWeatherPageVC.swift */; };
		D343FD782AD39CBC00A166F5 /* ForecastStructURLSession.swift in Sources */ = {isa = PBXBuildFile; fileRef = D343FD772AD39CBC00A166F5 /* ForecastStructURLSession.swift */; };
		D3558AD92ACF9E6F004C0A66 /* SearchVC.swift in Sources */ = {isa = PBXBuildFile; fileRef = D3558AD82ACF9E6F004C0A66 /* SearchVC.swift */; };
		D35AF0BC2AD757380089A86F /* CodeDictionaries.swift in Sources */ = {isa = PBXBuildFile; fileRef = D35AF0BB2AD757380089A86F /* CodeDictionaries.swift */; };
		D3684E5D2AC7E51A0019226C /* HourlyForecastCell.swift in Sources */ = {isa = PBXBuildFile; fileRef = D3684E5C2AC7E51A0019226C /* HourlyForecastCell.swift */; };
		D37339862AC4CBD100FC8D4E /* TopicView.swift in Sources */ = {isa = PBXBuildFile; fileRef = D37339852AC4CBD100FC8D4E /* TopicView.swift */; };
		D37D5D0A2ACA679C00CE3187 /* LocationVC.swift in Sources */ = {isa = PBXBuildFile; fileRef = D37D5D092ACA679C00CE3187 /* LocationVC.swift */; };
		D3900D542AE76E8000B6B6D2 /* EnableLocationVC.swift in Sources */ = {isa = PBXBuildFile; fileRef = D3900D532AE76E8000B6B6D2 /* EnableLocationVC.swift */; };
		D3FF20862AF0BA0B00C84A88 /* LocationService.swift in Sources */ = {isa = PBXBuildFile; fileRef = D3FF20852AF0BA0B00C84A88 /* LocationService.swift */; };
/* End PBXBuildFile section */

/* Begin PBXFileReference section */
		D312FF122AC90D0F00E4EABF /* TenDayForecastCell.swift */ = {isa = PBXFileReference; lastKnownFileType = sourcecode.swift; path = TenDayForecastCell.swift; sourceTree = "<group>"; };
		D328D1CC2ADCB82300397A4F /* UsersLocationsClassFile.swift */ = {isa = PBXFileReference; lastKnownFileType = sourcecode.swift; path = UsersLocationsClassFile.swift; sourceTree = "<group>"; };
		D328D1CE2AE3371600397A4F /* WeatherView.swift */ = {isa = PBXFileReference; lastKnownFileType = sourcecode.swift; path = WeatherView.swift; sourceTree = "<group>"; };
		D3302FF12AC24A3F003EAEC7 /* WeatherWise.app */ = {isa = PBXFileReference; explicitFileType = wrapper.application; includeInIndex = 0; path = WeatherWise.app; sourceTree = BUILT_PRODUCTS_DIR; };
		D3302FF42AC24A3F003EAEC7 /* AppDelegate.swift */ = {isa = PBXFileReference; lastKnownFileType = sourcecode.swift; path = AppDelegate.swift; sourceTree = "<group>"; };
		D3302FF62AC24A3F003EAEC7 /* SceneDelegate.swift */ = {isa = PBXFileReference; lastKnownFileType = sourcecode.swift; path = SceneDelegate.swift; sourceTree = "<group>"; };
		D3302FF82AC24A3F003EAEC7 /* MainVC.swift */ = {isa = PBXFileReference; lastKnownFileType = sourcecode.swift; path = MainVC.swift; sourceTree = "<group>"; };
		D3302FFD2AC24A41003EAEC7 /* Assets.xcassets */ = {isa = PBXFileReference; lastKnownFileType = folder.assetcatalog; path = Assets.xcassets; sourceTree = "<group>"; };
		D33030002AC24A41003EAEC7 /* Base */ = {isa = PBXFileReference; lastKnownFileType = file.storyboard; name = Base; path = Base.lproj/LaunchScreen.storyboard; sourceTree = "<group>"; };
		D33030022AC24A41003EAEC7 /* Info.plist */ = {isa = PBXFileReference; lastKnownFileType = text.plist.xml; path = Info.plist; sourceTree = "<group>"; };
		D343FD732AD35FC200A166F5 /* SearchCityURLSession.swift */ = {isa = PBXFileReference; lastKnownFileType = sourcecode.swift; path = SearchCityURLSession.swift; sourceTree = "<group>"; };
		D343FD752AD365E800A166F5 /* SingularWeatherPageVC.swift */ = {isa = PBXFileReference; lastKnownFileType = sourcecode.swift; path = SingularWeatherPageVC.swift; sourceTree = "<group>"; };
		D343FD772AD39CBC00A166F5 /* ForecastStructURLSession.swift */ = {isa = PBXFileReference; lastKnownFileType = sourcecode.swift; path = ForecastStructURLSession.swift; sourceTree = "<group>"; };
		D3558AD82ACF9E6F004C0A66 /* SearchVC.swift */ = {isa = PBXFileReference; lastKnownFileType = sourcecode.swift; path = SearchVC.swift; sourceTree = "<group>"; };
		D35AF0BB2AD757380089A86F /* CodeDictionaries.swift */ = {isa = PBXFileReference; lastKnownFileType = sourcecode.swift; path = CodeDictionaries.swift; sourceTree = "<group>"; };
		D3684E5C2AC7E51A0019226C /* HourlyForecastCell.swift */ = {isa = PBXFileReference; lastKnownFileType = sourcecode.swift; path = HourlyForecastCell.swift; sourceTree = "<group>"; };
		D37339852AC4CBD100FC8D4E /* TopicView.swift */ = {isa = PBXFileReference; lastKnownFileType = sourcecode.swift; path = TopicView.swift; sourceTree = "<group>"; };
		D37D5D092ACA679C00CE3187 /* LocationVC.swift */ = {isa = PBXFileReference; lastKnownFileType = sourcecode.swift; path = LocationVC.swift; sourceTree = "<group>"; };
		D3900D532AE76E8000B6B6D2 /* EnableLocationVC.swift */ = {isa = PBXFileReference; lastKnownFileType = sourcecode.swift; path = EnableLocationVC.swift; sourceTree = "<group>"; };
		D3FF20852AF0BA0B00C84A88 /* LocationService.swift */ = {isa = PBXFileReference; lastKnownFileType = sourcecode.swift; path = LocationService.swift; sourceTree = "<group>"; };
/* End PBXFileReference section */

/* Begin PBXFrameworksBuildPhase section */
		D3302FEE2AC24A3F003EAEC7 /* Frameworks */ = {
			isa = PBXFrameworksBuildPhase;
			buildActionMask = 2147483647;
			files = (
			);
			runOnlyForDeploymentPostprocessing = 0;
		};
/* End PBXFrameworksBuildPhase section */

/* Begin PBXGroup section */
		D3302FE82AC24A3F003EAEC7 = {
			isa = PBXGroup;
			children = (
				D3302FF32AC24A3F003EAEC7 /* WeatherWise */,
				D3302FF22AC24A3F003EAEC7 /* Products */,
			);
			sourceTree = "<group>";
		};
		D3302FF22AC24A3F003EAEC7 /* Products */ = {
			isa = PBXGroup;
			children = (
				D3302FF12AC24A3F003EAEC7 /* WeatherWise.app */,
			);
			name = Products;
			sourceTree = "<group>";
		};
		D3302FF32AC24A3F003EAEC7 /* WeatherWise */ = {
			isa = PBXGroup;
			children = (
				D3302FF42AC24A3F003EAEC7 /* AppDelegate.swift */,
				D3302FF62AC24A3F003EAEC7 /* SceneDelegate.swift */,
				D3302FF82AC24A3F003EAEC7 /* MainVC.swift */,
				D328D1CE2AE3371600397A4F /* WeatherView.swift */,
				D37D5D092ACA679C00CE3187 /* LocationVC.swift */,
				D3558AD82ACF9E6F004C0A66 /* SearchVC.swift */,
				D343FD752AD365E800A166F5 /* SingularWeatherPageVC.swift */,
				D328D1CC2ADCB82300397A4F /* UsersLocationsClassFile.swift */,
				D3FF20852AF0BA0B00C84A88 /* LocationService.swift */,
				D3900D532AE76E8000B6B6D2 /* EnableLocationVC.swift */,
				D343FD722AD35F4400A166F5 /* Weather API Folder */,
				D37339852AC4CBD100FC8D4E /* TopicView.swift */,
				D3684E5C2AC7E51A0019226C /* HourlyForecastCell.swift */,
				D312FF122AC90D0F00E4EABF /* TenDayForecastCell.swift */,
				D3302FFD2AC24A41003EAEC7 /* Assets.xcassets */,
				D3302FFF2AC24A41003EAEC7 /* LaunchScreen.storyboard */,
				D33030022AC24A41003EAEC7 /* Info.plist */,
			);
			path = WeatherWise;
			sourceTree = "<group>";
		};
		D343FD722AD35F4400A166F5 /* Weather API Folder */ = {
			isa = PBXGroup;
			children = (
				D343FD732AD35FC200A166F5 /* SearchCityURLSession.swift */,
				D343FD772AD39CBC00A166F5 /* ForecastStructURLSession.swift */,
				D35AF0BB2AD757380089A86F /* CodeDictionaries.swift */,
			);
			path = "Weather API Folder";
			sourceTree = "<group>";
		};
/* End PBXGroup section */

/* Begin PBXNativeTarget section */
		D3302FF02AC24A3F003EAEC7 /* WeatherWise */ = {
			isa = PBXNativeTarget;
			buildConfigurationList = D33030052AC24A41003EAEC7 /* Build configuration list for PBXNativeTarget "WeatherWise" */;
			buildPhases = (
				D3302FED2AC24A3F003EAEC7 /* Sources */,
				D3302FEE2AC24A3F003EAEC7 /* Frameworks */,
				D3302FEF2AC24A3F003EAEC7 /* Resources */,
			);
			buildRules = (
			);
			dependencies = (
			);
			name = WeatherWise;
			productName = WeatherWise;
			productReference = D3302FF12AC24A3F003EAEC7 /* WeatherWise.app */;
			productType = "com.apple.product-type.application";
		};
/* End PBXNativeTarget section */

/* Begin PBXProject section */
		D3302FE92AC24A3F003EAEC7 /* Project object */ = {
			isa = PBXProject;
			attributes = {
				BuildIndependentTargetsInParallel = 1;
				LastSwiftUpdateCheck = 1500;
				LastUpgradeCheck = 1500;
				TargetAttributes = {
					D3302FF02AC24A3F003EAEC7 = {
						CreatedOnToolsVersion = 15.0;
					};
				};
			};
			buildConfigurationList = D3302FEC2AC24A3F003EAEC7 /* Build configuration list for PBXProject "WeatherWise" */;
			compatibilityVersion = "Xcode 14.0";
			developmentRegion = en;
			hasScannedForEncodings = 0;
			knownRegions = (
				en,
				Base,
			);
			mainGroup = D3302FE82AC24A3F003EAEC7;
			productRefGroup = D3302FF22AC24A3F003EAEC7 /* Products */;
			projectDirPath = "";
			projectRoot = "";
			targets = (
				D3302FF02AC24A3F003EAEC7 /* WeatherWise */,
			);
		};
/* End PBXProject section */

/* Begin PBXResourcesBuildPhase section */
		D3302FEF2AC24A3F003EAEC7 /* Resources */ = {
			isa = PBXResourcesBuildPhase;
			buildActionMask = 2147483647;
			files = (
				D33030012AC24A41003EAEC7 /* LaunchScreen.storyboard in Resources */,
				D3302FFE2AC24A41003EAEC7 /* Assets.xcassets in Resources */,
			);
			runOnlyForDeploymentPostprocessing = 0;
		};
/* End PBXResourcesBuildPhase section */

/* Begin PBXSourcesBuildPhase section */
		D3302FED2AC24A3F003EAEC7 /* Sources */ = {
			isa = PBXSourcesBuildPhase;
			buildActionMask = 2147483647;
			files = (
				D3558AD92ACF9E6F004C0A66 /* SearchVC.swift in Sources */,
				D3302FF92AC24A3F003EAEC7 /* MainVC.swift in Sources */,
				D35AF0BC2AD757380089A86F /* CodeDictionaries.swift in Sources */,
				D343FD742AD35FC200A166F5 /* SearchCityURLSession.swift in Sources */,
				D3302FF52AC24A3F003EAEC7 /* AppDelegate.swift in Sources */,
				D328D1CF2AE3371600397A4F /* WeatherView.swift in Sources */,
				D3302FF72AC24A3F003EAEC7 /* SceneDelegate.swift in Sources */,
				D37339862AC4CBD100FC8D4E /* TopicView.swift in Sources */,
				D37D5D0A2ACA679C00CE3187 /* LocationVC.swift in Sources */,
				D343FD762AD365E800A166F5 /* SingularWeatherPageVC.swift in Sources */,
				D3FF20862AF0BA0B00C84A88 /* LocationService.swift in Sources */,
				D3900D542AE76E8000B6B6D2 /* EnableLocationVC.swift in Sources */,
				D343FD782AD39CBC00A166F5 /* ForecastStructURLSession.swift in Sources */,
				D328D1CD2ADCB82300397A4F /* UsersLocationsClassFile.swift in Sources */,
				D312FF132AC90D0F00E4EABF /* TenDayForecastCell.swift in Sources */,
				D3684E5D2AC7E51A0019226C /* HourlyForecastCell.swift in Sources */,
			);
			runOnlyForDeploymentPostprocessing = 0;
		};
/* End PBXSourcesBuildPhase section */

/* Begin PBXVariantGroup section */
		D3302FFF2AC24A41003EAEC7 /* LaunchScreen.storyboard */ = {
			isa = PBXVariantGroup;
			children = (
				D33030002AC24A41003EAEC7 /* Base */,
			);
			name = LaunchScreen.storyboard;
			sourceTree = "<group>";
		};
/* End PBXVariantGroup section */

/* Begin XCBuildConfiguration section */
		D33030032AC24A41003EAEC7 /* Debug */ = {
			isa = XCBuildConfiguration;
			buildSettings = {
				ALWAYS_SEARCH_USER_PATHS = NO;
				ASSETCATALOG_COMPILER_GENERATE_SWIFT_ASSET_SYMBOL_EXTENSIONS = YES;
				CLANG_ANALYZER_NONNULL = YES;
				CLANG_ANALYZER_NUMBER_OBJECT_CONVERSION = YES_AGGRESSIVE;
				CLANG_CXX_LANGUAGE_STANDARD = "gnu++20";
				CLANG_ENABLE_MODULES = YES;
				CLANG_ENABLE_OBJC_ARC = YES;
				CLANG_ENABLE_OBJC_WEAK = YES;
				CLANG_WARN_BLOCK_CAPTURE_AUTORELEASING = YES;
				CLANG_WARN_BOOL_CONVERSION = YES;
				CLANG_WARN_COMMA = YES;
				CLANG_WARN_CONSTANT_CONVERSION = YES;
				CLANG_WARN_DEPRECATED_OBJC_IMPLEMENTATIONS = YES;
				CLANG_WARN_DIRECT_OBJC_ISA_USAGE = YES_ERROR;
				CLANG_WARN_DOCUMENTATION_COMMENTS = YES;
				CLANG_WARN_EMPTY_BODY = YES;
				CLANG_WARN_ENUM_CONVERSION = YES;
				CLANG_WARN_INFINITE_RECURSION = YES;
				CLANG_WARN_INT_CONVERSION = YES;
				CLANG_WARN_NON_LITERAL_NULL_CONVERSION = YES;
				CLANG_WARN_OBJC_IMPLICIT_RETAIN_SELF = YES;
				CLANG_WARN_OBJC_LITERAL_CONVERSION = YES;
				CLANG_WARN_OBJC_ROOT_CLASS = YES_ERROR;
				CLANG_WARN_QUOTED_INCLUDE_IN_FRAMEWORK_HEADER = YES;
				CLANG_WARN_RANGE_LOOP_ANALYSIS = YES;
				CLANG_WARN_STRICT_PROTOTYPES = YES;
				CLANG_WARN_SUSPICIOUS_MOVE = YES;
				CLANG_WARN_UNGUARDED_AVAILABILITY = YES_AGGRESSIVE;
				CLANG_WARN_UNREACHABLE_CODE = YES;
				CLANG_WARN__DUPLICATE_METHOD_MATCH = YES;
				COPY_PHASE_STRIP = NO;
				DEBUG_INFORMATION_FORMAT = dwarf;
				ENABLE_STRICT_OBJC_MSGSEND = YES;
				ENABLE_TESTABILITY = YES;
				ENABLE_USER_SCRIPT_SANDBOXING = YES;
				GCC_C_LANGUAGE_STANDARD = gnu17;
				GCC_DYNAMIC_NO_PIC = NO;
				GCC_NO_COMMON_BLOCKS = YES;
				GCC_OPTIMIZATION_LEVEL = 0;
				GCC_PREPROCESSOR_DEFINITIONS = (
					"DEBUG=1",
					"$(inherited)",
				);
				GCC_WARN_64_TO_32_BIT_CONVERSION = YES;
				GCC_WARN_ABOUT_RETURN_TYPE = YES_ERROR;
				GCC_WARN_UNDECLARED_SELECTOR = YES;
				GCC_WARN_UNINITIALIZED_AUTOS = YES_AGGRESSIVE;
				GCC_WARN_UNUSED_FUNCTION = YES;
				GCC_WARN_UNUSED_VARIABLE = YES;
				IPHONEOS_DEPLOYMENT_TARGET = 17.0;
				LOCALIZATION_PREFERS_STRING_CATALOGS = YES;
				MTL_ENABLE_DEBUG_INFO = INCLUDE_SOURCE;
				MTL_FAST_MATH = YES;
				ONLY_ACTIVE_ARCH = YES;
				SDKROOT = iphoneos;
				SWIFT_ACTIVE_COMPILATION_CONDITIONS = "DEBUG $(inherited)";
				SWIFT_OPTIMIZATION_LEVEL = "-Onone";
			};
			name = Debug;
		};
		D33030042AC24A41003EAEC7 /* Release */ = {
			isa = XCBuildConfiguration;
			buildSettings = {
				ALWAYS_SEARCH_USER_PATHS = NO;
				ASSETCATALOG_COMPILER_GENERATE_SWIFT_ASSET_SYMBOL_EXTENSIONS = YES;
				CLANG_ANALYZER_NONNULL = YES;
				CLANG_ANALYZER_NUMBER_OBJECT_CONVERSION = YES_AGGRESSIVE;
				CLANG_CXX_LANGUAGE_STANDARD = "gnu++20";
				CLANG_ENABLE_MODULES = YES;
				CLANG_ENABLE_OBJC_ARC = YES;
				CLANG_ENABLE_OBJC_WEAK = YES;
				CLANG_WARN_BLOCK_CAPTURE_AUTORELEASING = YES;
				CLANG_WARN_BOOL_CONVERSION = YES;
				CLANG_WARN_COMMA = YES;
				CLANG_WARN_CONSTANT_CONVERSION = YES;
				CLANG_WARN_DEPRECATED_OBJC_IMPLEMENTATIONS = YES;
				CLANG_WARN_DIRECT_OBJC_ISA_USAGE = YES_ERROR;
				CLANG_WARN_DOCUMENTATION_COMMENTS = YES;
				CLANG_WARN_EMPTY_BODY = YES;
				CLANG_WARN_ENUM_CONVERSION = YES;
				CLANG_WARN_INFINITE_RECURSION = YES;
				CLANG_WARN_INT_CONVERSION = YES;
				CLANG_WARN_NON_LITERAL_NULL_CONVERSION = YES;
				CLANG_WARN_OBJC_IMPLICIT_RETAIN_SELF = YES;
				CLANG_WARN_OBJC_LITERAL_CONVERSION = YES;
				CLANG_WARN_OBJC_ROOT_CLASS = YES_ERROR;
				CLANG_WARN_QUOTED_INCLUDE_IN_FRAMEWORK_HEADER = YES;
				CLANG_WARN_RANGE_LOOP_ANALYSIS = YES;
				CLANG_WARN_STRICT_PROTOTYPES = YES;
				CLANG_WARN_SUSPICIOUS_MOVE = YES;
				CLANG_WARN_UNGUARDED_AVAILABILITY = YES_AGGRESSIVE;
				CLANG_WARN_UNREACHABLE_CODE = YES;
				CLANG_WARN__DUPLICATE_METHOD_MATCH = YES;
				COPY_PHASE_STRIP = NO;
				DEBUG_INFORMATION_FORMAT = "dwarf-with-dsym";
				ENABLE_NS_ASSERTIONS = NO;
				ENABLE_STRICT_OBJC_MSGSEND = YES;
				ENABLE_USER_SCRIPT_SANDBOXING = YES;
				GCC_C_LANGUAGE_STANDARD = gnu17;
				GCC_NO_COMMON_BLOCKS = YES;
				GCC_WARN_64_TO_32_BIT_CONVERSION = YES;
				GCC_WARN_ABOUT_RETURN_TYPE = YES_ERROR;
				GCC_WARN_UNDECLARED_SELECTOR = YES;
				GCC_WARN_UNINITIALIZED_AUTOS = YES_AGGRESSIVE;
				GCC_WARN_UNUSED_FUNCTION = YES;
				GCC_WARN_UNUSED_VARIABLE = YES;
				IPHONEOS_DEPLOYMENT_TARGET = 17.0;
				LOCALIZATION_PREFERS_STRING_CATALOGS = YES;
				MTL_ENABLE_DEBUG_INFO = NO;
				MTL_FAST_MATH = YES;
				SDKROOT = iphoneos;
				SWIFT_COMPILATION_MODE = wholemodule;
				VALIDATE_PRODUCT = YES;
			};
			name = Release;
		};
		D33030062AC24A41003EAEC7 /* Debug */ = {
			isa = XCBuildConfiguration;
			buildSettings = {
				ASSETCATALOG_COMPILER_APPICON_NAME = AppIcon;
				ASSETCATALOG_COMPILER_GLOBAL_ACCENT_COLOR_NAME = AccentColor;
				CODE_SIGN_STYLE = Automatic;
				CURRENT_PROJECT_VERSION = 1;
				DEVELOPMENT_TEAM = V5YR3KNBNF;
				GENERATE_INFOPLIST_FILE = YES;
				INFOPLIST_FILE = WeatherWise/Info.plist;
				INFOPLIST_KEY_UIApplicationSupportsIndirectInputEvents = YES;
				INFOPLIST_KEY_UILaunchStoryboardName = LaunchScreen;
				INFOPLIST_KEY_UISupportedInterfaceOrientations_iPad = "UIInterfaceOrientationPortrait UIInterfaceOrientationPortraitUpsideDown UIInterfaceOrientationLandscapeLeft UIInterfaceOrientationLandscapeRight";
				INFOPLIST_KEY_UISupportedInterfaceOrientations_iPhone = "UIInterfaceOrientationPortrait UIInterfaceOrientationLandscapeLeft UIInterfaceOrientationLandscapeRight";
				LD_RUNPATH_SEARCH_PATHS = (
					"$(inherited)",
					"@executable_path/Frameworks",
				);
				MARKETING_VERSION = 1.0;
				PRODUCT_BUNDLE_IDENTIFIER = JohnyJocose.WeatherWise;
				PRODUCT_NAME = "$(TARGET_NAME)";
				SWIFT_EMIT_LOC_STRINGS = YES;
				SWIFT_VERSION = 5.0;
				TARGETED_DEVICE_FAMILY = "1,2";
			};
			name = Debug;
		};
		D33030072AC24A41003EAEC7 /* Release */ = {
			isa = XCBuildConfiguration;
			buildSettings = {
				ASSETCATALOG_COMPILER_APPICON_NAME = AppIcon;
				ASSETCATALOG_COMPILER_GLOBAL_ACCENT_COLOR_NAME = AccentColor;
				CODE_SIGN_STYLE = Automatic;
				CURRENT_PROJECT_VERSION = 1;
				DEVELOPMENT_TEAM = 3R45N6NL9P;
				GENERATE_INFOPLIST_FILE = YES;
				INFOPLIST_FILE = WeatherWise/Info.plist;
				INFOPLIST_KEY_UIApplicationSupportsIndirectInputEvents = YES;
				INFOPLIST_KEY_UILaunchStoryboardName = LaunchScreen;
				INFOPLIST_KEY_UISupportedInterfaceOrientations_iPad = "UIInterfaceOrientationPortrait UIInterfaceOrientationPortraitUpsideDown UIInterfaceOrientationLandscapeLeft UIInterfaceOrientationLandscapeRight";
				INFOPLIST_KEY_UISupportedInterfaceOrientations_iPhone = "UIInterfaceOrientationPortrait UIInterfaceOrientationLandscapeLeft UIInterfaceOrientationLandscapeRight";
				LD_RUNPATH_SEARCH_PATHS = (
					"$(inherited)",
					"@executable_path/Frameworks",
				);
				MARKETING_VERSION = 1.0;
				PRODUCT_BUNDLE_IDENTIFIER = JohnyJocose.WeatherWise;
				PRODUCT_NAME = "$(TARGET_NAME)";
				SWIFT_EMIT_LOC_STRINGS = YES;
				SWIFT_VERSION = 5.0;
				TARGETED_DEVICE_FAMILY = "1,2";
			};
			name = Release;
		};
/* End XCBuildConfiguration section */

/* Begin XCConfigurationList section */
		D3302FEC2AC24A3F003EAEC7 /* Build configuration list for PBXProject "WeatherWise" */ = {
			isa = XCConfigurationList;
			buildConfigurations = (
				D33030032AC24A41003EAEC7 /* Debug */,
				D33030042AC24A41003EAEC7 /* Release */,
			);
			defaultConfigurationIsVisible = 0;
			defaultConfigurationName = Release;
		};
		D33030052AC24A41003EAEC7 /* Build configuration list for PBXNativeTarget "WeatherWise" */ = {
			isa = XCConfigurationList;
			buildConfigurations = (
				D33030062AC24A41003EAEC7 /* Debug */,
				D33030072AC24A41003EAEC7 /* Release */,
			);
			defaultConfigurationIsVisible = 0;
			defaultConfigurationName = Release;
		};
/* End XCConfigurationList section */
	};
	rootObject = D3302FE92AC24A3F003EAEC7 /* Project object */;
}
